// !$*UTF8*$!
{
	archiveVersion = 1;
	classes = {
	};
	objectVersion = 55;
	objects = {

/* Begin PBXBuildFile section */
		36C0A07D281000130031C83C /* AppDelegate.swift in Sources */ = {isa = PBXBuildFile; fileRef = DEC3425D280FDC640046D916 /* AppDelegate.swift */; };
		36C0A084281028040031C83C /* DateFormatter+DateFormat.swift in Sources */ = {isa = PBXBuildFile; fileRef = 36C0A083281028040031C83C /* DateFormatter+DateFormat.swift */; };
		36C0A0862810292B0031C83C /* JSONParser.swift in Sources */ = {isa = PBXBuildFile; fileRef = 36C0A0852810292A0031C83C /* JSONParser.swift */; };
		36C0BFF02810F6B300B57492 /* MultipartFormData.swift in Sources */ = {isa = PBXBuildFile; fileRef = 36C0BFEF2810F6B300B57492 /* MultipartFormData.swift */; };
		36C0C00B28125A7D00B57492 /* MockURLSession.swift in Sources */ = {isa = PBXBuildFile; fileRef = DE23D44A281149DA0097A8C3 /* MockURLSession.swift */; };
		36C0C08428126B0200B57492 /* NetworkProvider.swift in Sources */ = {isa = PBXBuildFile; fileRef = 36C0C08328126B0200B57492 /* NetworkProvider.swift */; };
		36C0C0882812783500B57492 /* JSONParserTests.swift in Sources */ = {isa = PBXBuildFile; fileRef = 36C0C0872812783500B57492 /* JSONParserTests.swift */; };
		36C0C09228127FE600B57492 /* MockProduct.json in Resources */ = {isa = PBXBuildFile; fileRef = 36C0C09028127FE600B57492 /* MockProduct.json */; };
		36C0C09328127FE600B57492 /* MockProductPage.json in Resources */ = {isa = PBXBuildFile; fileRef = 36C0C09128127FE600B57492 /* MockProductPage.json */; };
		36C0C095281287EE00B57492 /* NetworkProviderTests.swift in Sources */ = {isa = PBXBuildFile; fileRef = 36C0C094281287EE00B57492 /* NetworkProviderTests.swift */; };
		DE23D43F281149690097A8C3 /* MockNetworkProviderTests.swift in Sources */ = {isa = PBXBuildFile; fileRef = DE23D43E281149690097A8C3 /* MockNetworkProviderTests.swift */; };
		DEC34260280FDC640046D916 /* SceneDelegate.swift in Sources */ = {isa = PBXBuildFile; fileRef = DEC3425F280FDC640046D916 /* SceneDelegate.swift */; };
		DEC34262280FDC640046D916 /* ViewController.swift in Sources */ = {isa = PBXBuildFile; fileRef = DEC34261280FDC640046D916 /* ViewController.swift */; };
		DEC34267280FDC650046D916 /* Assets.xcassets in Resources */ = {isa = PBXBuildFile; fileRef = DEC34266280FDC650046D916 /* Assets.xcassets */; };
		DEC3426A280FDC650046D916 /* LaunchScreen.storyboard in Resources */ = {isa = PBXBuildFile; fileRef = DEC34268280FDC650046D916 /* LaunchScreen.storyboard */; };
		DEC34273280FDD460046D916 /* .swiftlint.yml in Resources */ = {isa = PBXBuildFile; fileRef = DEC34272280FDD460046D916 /* .swiftlint.yml */; };
		DEC34276280FDE4A0046D916 /* RxCocoa in Frameworks */ = {isa = PBXBuildFile; productRef = DEC34275280FDE4A0046D916 /* RxCocoa */; };
		DEC34278280FDE4A0046D916 /* RxRelay in Frameworks */ = {isa = PBXBuildFile; productRef = DEC34277280FDE4A0046D916 /* RxRelay */; };
		DEC3427A280FDE4A0046D916 /* RxSwift in Frameworks */ = {isa = PBXBuildFile; productRef = DEC34279280FDE4A0046D916 /* RxSwift */; };
		DEC3427F28100ADB0046D916 /* Product.swift in Sources */ = {isa = PBXBuildFile; fileRef = DEC3427E28100ADB0046D916 /* Product.swift */; };
		DEC3428128100AEB0046D916 /* Currency.swift in Sources */ = {isa = PBXBuildFile; fileRef = DEC3428028100AEB0046D916 /* Currency.swift */; };
		DEC3428328100DE70046D916 /* ProductPage.swift in Sources */ = {isa = PBXBuildFile; fileRef = DEC3428228100DE70046D916 /* ProductPage.swift */; };
		DEC3428528100E7F0046D916 /* DetailViewProduct.swift in Sources */ = {isa = PBXBuildFile; fileRef = DEC3428428100E7F0046D916 /* DetailViewProduct.swift */; };
		DEC3428728100E8C0046D916 /* ProductImage.swift in Sources */ = {isa = PBXBuildFile; fileRef = DEC3428628100E8C0046D916 /* ProductImage.swift */; };
		DEC3428C281030330046D916 /* URLSessionProtocol.swift in Sources */ = {isa = PBXBuildFile; fileRef = DEC3428B281030330046D916 /* URLSessionProtocol.swift */; };
		DEC3428E281034400046D916 /* BaseURLProtocol.swift in Sources */ = {isa = PBXBuildFile; fileRef = DEC3428D281034400046D916 /* BaseURLProtocol.swift */; };
		DEC34290281034440046D916 /* APIProtocol.swift in Sources */ = {isa = PBXBuildFile; fileRef = DEC3428F281034440046D916 /* APIProtocol.swift */; };
		DEC342922810355F0046D916 /* OpenMarketURL.swift in Sources */ = {isa = PBXBuildFile; fileRef = DEC342912810355F0046D916 /* OpenMarketURL.swift */; };
		DEC34294281036D90046D916 /* URLRequest+Initializer.swift in Sources */ = {isa = PBXBuildFile; fileRef = DEC34293281036D90046D916 /* URLRequest+Initializer.swift */; };
		DECD164E28166FDA00F34993 /* FlowCoordinator.swift in Sources */ = {isa = PBXBuildFile; fileRef = DECD164D28166FDA00F34993 /* FlowCoordinator.swift */; };
		DECD1650281672DD00F34993 /* ProductListViewModel.swift in Sources */ = {isa = PBXBuildFile; fileRef = DECD164F281672DD00F34993 /* ProductListViewModel.swift */; };
		DECD16582816885B00F34993 /* ProductListViewController.swift in Sources */ = {isa = PBXBuildFile; fileRef = DECD16572816885B00F34993 /* ProductListViewController.swift */; };
		DECD165A2816887F00F34993 /* ProductCollectionView.swift in Sources */ = {isa = PBXBuildFile; fileRef = DECD16592816887F00F34993 /* ProductCollectionView.swift */; };
/* End PBXBuildFile section */

/* Begin PBXContainerItemProxy section */
		DE23D440281149690097A8C3 /* PBXContainerItemProxy */ = {
			isa = PBXContainerItemProxy;
			containerPortal = DEC34252280FDC640046D916 /* Project object */;
			proxyType = 1;
			remoteGlobalIDString = DEC34259280FDC640046D916;
			remoteInfo = "OpenMarket-MVVM-Rx";
		};
/* End PBXContainerItemProxy section */

/* Begin PBXFileReference section */
		36C0A083281028040031C83C /* DateFormatter+DateFormat.swift */ = {isa = PBXFileReference; lastKnownFileType = sourcecode.swift; path = "DateFormatter+DateFormat.swift"; sourceTree = "<group>"; };
		36C0A0852810292A0031C83C /* JSONParser.swift */ = {isa = PBXFileReference; fileEncoding = 4; lastKnownFileType = sourcecode.swift; path = JSONParser.swift; sourceTree = "<group>"; };
		36C0BFEF2810F6B300B57492 /* MultipartFormData.swift */ = {isa = PBXFileReference; fileEncoding = 4; lastKnownFileType = sourcecode.swift; path = MultipartFormData.swift; sourceTree = "<group>"; };
		36C0C08328126B0200B57492 /* NetworkProvider.swift */ = {isa = PBXFileReference; lastKnownFileType = sourcecode.swift; path = NetworkProvider.swift; sourceTree = "<group>"; };
		36C0C0872812783500B57492 /* JSONParserTests.swift */ = {isa = PBXFileReference; lastKnownFileType = sourcecode.swift; path = JSONParserTests.swift; sourceTree = "<group>"; };
		36C0C09028127FE600B57492 /* MockProduct.json */ = {isa = PBXFileReference; fileEncoding = 4; lastKnownFileType = text.json; path = MockProduct.json; sourceTree = "<group>"; };
		36C0C09128127FE600B57492 /* MockProductPage.json */ = {isa = PBXFileReference; fileEncoding = 4; lastKnownFileType = text.json; path = MockProductPage.json; sourceTree = "<group>"; };
		36C0C094281287EE00B57492 /* NetworkProviderTests.swift */ = {isa = PBXFileReference; lastKnownFileType = sourcecode.swift; path = NetworkProviderTests.swift; sourceTree = "<group>"; };
		DE23D43C281149690097A8C3 /* NetworkProviderTests.xctest */ = {isa = PBXFileReference; explicitFileType = wrapper.cfbundle; includeInIndex = 0; path = NetworkProviderTests.xctest; sourceTree = BUILT_PRODUCTS_DIR; };
		DE23D43E281149690097A8C3 /* MockNetworkProviderTests.swift */ = {isa = PBXFileReference; lastKnownFileType = sourcecode.swift; path = MockNetworkProviderTests.swift; sourceTree = "<group>"; };
		DE23D44A281149DA0097A8C3 /* MockURLSession.swift */ = {isa = PBXFileReference; lastKnownFileType = sourcecode.swift; path = MockURLSession.swift; sourceTree = "<group>"; };
		DEC3425A280FDC640046D916 /* OpenMarket-MVVM-Rx.app */ = {isa = PBXFileReference; explicitFileType = wrapper.application; includeInIndex = 0; path = "OpenMarket-MVVM-Rx.app"; sourceTree = BUILT_PRODUCTS_DIR; };
		DEC3425D280FDC640046D916 /* AppDelegate.swift */ = {isa = PBXFileReference; lastKnownFileType = sourcecode.swift; path = AppDelegate.swift; sourceTree = "<group>"; };
		DEC3425F280FDC640046D916 /* SceneDelegate.swift */ = {isa = PBXFileReference; lastKnownFileType = sourcecode.swift; path = SceneDelegate.swift; sourceTree = "<group>"; };
		DEC34261280FDC640046D916 /* ViewController.swift */ = {isa = PBXFileReference; lastKnownFileType = sourcecode.swift; path = ViewController.swift; sourceTree = "<group>"; };
		DEC34266280FDC650046D916 /* Assets.xcassets */ = {isa = PBXFileReference; lastKnownFileType = folder.assetcatalog; path = Assets.xcassets; sourceTree = "<group>"; };
		DEC34269280FDC650046D916 /* Base */ = {isa = PBXFileReference; lastKnownFileType = file.storyboard; name = Base; path = Base.lproj/LaunchScreen.storyboard; sourceTree = "<group>"; };
		DEC3426B280FDC650046D916 /* Info.plist */ = {isa = PBXFileReference; lastKnownFileType = text.plist.xml; path = Info.plist; sourceTree = "<group>"; };
		DEC34272280FDD460046D916 /* .swiftlint.yml */ = {isa = PBXFileReference; lastKnownFileType = text.yaml; path = .swiftlint.yml; sourceTree = "<group>"; };
		DEC3427E28100ADB0046D916 /* Product.swift */ = {isa = PBXFileReference; fileEncoding = 4; lastKnownFileType = sourcecode.swift; path = Product.swift; sourceTree = "<group>"; };
		DEC3428028100AEB0046D916 /* Currency.swift */ = {isa = PBXFileReference; fileEncoding = 4; lastKnownFileType = sourcecode.swift; path = Currency.swift; sourceTree = "<group>"; };
		DEC3428228100DE70046D916 /* ProductPage.swift */ = {isa = PBXFileReference; fileEncoding = 4; lastKnownFileType = sourcecode.swift; path = ProductPage.swift; sourceTree = "<group>"; };
		DEC3428428100E7F0046D916 /* DetailViewProduct.swift */ = {isa = PBXFileReference; fileEncoding = 4; lastKnownFileType = sourcecode.swift; path = DetailViewProduct.swift; sourceTree = "<group>"; };
		DEC3428628100E8C0046D916 /* ProductImage.swift */ = {isa = PBXFileReference; fileEncoding = 4; lastKnownFileType = sourcecode.swift; path = ProductImage.swift; sourceTree = "<group>"; };
		DEC3428B281030330046D916 /* URLSessionProtocol.swift */ = {isa = PBXFileReference; lastKnownFileType = sourcecode.swift; path = URLSessionProtocol.swift; sourceTree = "<group>"; };
		DEC3428D281034400046D916 /* BaseURLProtocol.swift */ = {isa = PBXFileReference; fileEncoding = 4; lastKnownFileType = sourcecode.swift; path = BaseURLProtocol.swift; sourceTree = "<group>"; };
		DEC3428F281034440046D916 /* APIProtocol.swift */ = {isa = PBXFileReference; fileEncoding = 4; lastKnownFileType = sourcecode.swift; path = APIProtocol.swift; sourceTree = "<group>"; };
		DEC342912810355F0046D916 /* OpenMarketURL.swift */ = {isa = PBXFileReference; fileEncoding = 4; lastKnownFileType = sourcecode.swift; path = OpenMarketURL.swift; sourceTree = "<group>"; };
		DEC34293281036D90046D916 /* URLRequest+Initializer.swift */ = {isa = PBXFileReference; lastKnownFileType = sourcecode.swift; path = "URLRequest+Initializer.swift"; sourceTree = "<group>"; };
		DECD164D28166FDA00F34993 /* FlowCoordinator.swift */ = {isa = PBXFileReference; lastKnownFileType = sourcecode.swift; path = FlowCoordinator.swift; sourceTree = "<group>"; };
		DECD164F281672DD00F34993 /* ProductListViewModel.swift */ = {isa = PBXFileReference; lastKnownFileType = sourcecode.swift; path = ProductListViewModel.swift; sourceTree = "<group>"; };
		DECD16572816885B00F34993 /* ProductListViewController.swift */ = {isa = PBXFileReference; lastKnownFileType = sourcecode.swift; path = ProductListViewController.swift; sourceTree = "<group>"; };
		DECD16592816887F00F34993 /* ProductCollectionView.swift */ = {isa = PBXFileReference; lastKnownFileType = sourcecode.swift; path = ProductCollectionView.swift; sourceTree = "<group>"; };
/* End PBXFileReference section */

/* Begin PBXFrameworksBuildPhase section */
		DE23D439281149690097A8C3 /* Frameworks */ = {
			isa = PBXFrameworksBuildPhase;
			buildActionMask = 2147483647;
			files = (
			);
			runOnlyForDeploymentPostprocessing = 0;
		};
		DEC34257280FDC640046D916 /* Frameworks */ = {
			isa = PBXFrameworksBuildPhase;
			buildActionMask = 2147483647;
			files = (
				DEC3427A280FDE4A0046D916 /* RxSwift in Frameworks */,
				DEC34278280FDE4A0046D916 /* RxRelay in Frameworks */,
				DEC34276280FDE4A0046D916 /* RxCocoa in Frameworks */,
			);
			runOnlyForDeploymentPostprocessing = 0;
		};
/* End PBXFrameworksBuildPhase section */

/* Begin PBXGroup section */
		36C0A07E281020F00031C83C /* Network */ = {
			isa = PBXGroup;
			children = (
				36C0C08328126B0200B57492 /* NetworkProvider.swift */,
				DEC342912810355F0046D916 /* OpenMarketURL.swift */,
				36C0BFEF2810F6B300B57492 /* MultipartFormData.swift */,
			);
			path = Network;
			sourceTree = "<group>";
		};
		36C0A081281027310031C83C /* Utility */ = {
			isa = PBXGroup;
			children = (
				36C0A0852810292A0031C83C /* JSONParser.swift */,
			);
			path = Utility;
			sourceTree = "<group>";
		};
		36C0A082281027580031C83C /* Extensions */ = {
			isa = PBXGroup;
			children = (
				36C0A083281028040031C83C /* DateFormatter+DateFormat.swift */,
				DEC34293281036D90046D916 /* URLRequest+Initializer.swift */,
			);
			path = Extensions;
			sourceTree = "<group>";
		};
		36C0C0962812A5B900B57492 /* Mock */ = {
			isa = PBXGroup;
			children = (
				36C0C09028127FE600B57492 /* MockProduct.json */,
				36C0C09128127FE600B57492 /* MockProductPage.json */,
				DE23D44A281149DA0097A8C3 /* MockURLSession.swift */,
			);
			path = Mock;
			sourceTree = "<group>";
		};
		DE23D43D281149690097A8C3 /* OpenMarket-MVVM-RxTests */ = {
			isa = PBXGroup;
			children = (
				36C0C0962812A5B900B57492 /* Mock */,
				36C0C0872812783500B57492 /* JSONParserTests.swift */,
				DE23D43E281149690097A8C3 /* MockNetworkProviderTests.swift */,
				36C0C094281287EE00B57492 /* NetworkProviderTests.swift */,
			);
			path = "OpenMarket-MVVM-RxTests";
			sourceTree = "<group>";
		};
		DEC34251280FDC640046D916 = {
			isa = PBXGroup;
			children = (
				DEC34272280FDD460046D916 /* .swiftlint.yml */,
				DEC3425C280FDC640046D916 /* OpenMarket-MVVM-Rx */,
				DE23D43D281149690097A8C3 /* OpenMarket-MVVM-RxTests */,
				DEC3425B280FDC640046D916 /* Products */,
			);
			sourceTree = "<group>";
		};
		DEC3425B280FDC640046D916 /* Products */ = {
			isa = PBXGroup;
			children = (
				DEC3425A280FDC640046D916 /* OpenMarket-MVVM-Rx.app */,
				DE23D43C281149690097A8C3 /* NetworkProviderTests.xctest */,
			);
			name = Products;
			sourceTree = "<group>";
		};
		DEC3425C280FDC640046D916 /* OpenMarket-MVVM-Rx */ = {
			isa = PBXGroup;
			children = (
				DEC3427B281008440046D916 /* App */,
				DECD164828166F6000F34993 /* Presentation */,
				36C0A07E281020F00031C83C /* Network */,
				DEC3427D281009300046D916 /* Model */,
				36C0A081281027310031C83C /* Utility */,
				DEC3428A28102FEC0046D916 /* Protocol */,
				36C0A082281027580031C83C /* Extensions */,
				DEC3427C2810085B0046D916 /* Resources */,
				DEC34261280FDC640046D916 /* ViewController.swift */,
				DEC3426B280FDC650046D916 /* Info.plist */,
			);
			path = "OpenMarket-MVVM-Rx";
			sourceTree = "<group>";
		};
		DEC3427B281008440046D916 /* App */ = {
			isa = PBXGroup;
			children = (
				DEC3425D280FDC640046D916 /* AppDelegate.swift */,
				DEC3425F280FDC640046D916 /* SceneDelegate.swift */,
			);
			path = App;
			sourceTree = "<group>";
		};
		DEC3427C2810085B0046D916 /* Resources */ = {
			isa = PBXGroup;
			children = (
				DEC34266280FDC650046D916 /* Assets.xcassets */,
				DEC34268280FDC650046D916 /* LaunchScreen.storyboard */,
			);
			path = Resources;
			sourceTree = "<group>";
		};
		DEC3427D281009300046D916 /* Model */ = {
			isa = PBXGroup;
			children = (
				DEC3427E28100ADB0046D916 /* Product.swift */,
				DEC3428028100AEB0046D916 /* Currency.swift */,
				DEC3428228100DE70046D916 /* ProductPage.swift */,
				DEC3428428100E7F0046D916 /* DetailViewProduct.swift */,
				DEC3428628100E8C0046D916 /* ProductImage.swift */,
			);
			path = Model;
			sourceTree = "<group>";
		};
		DEC3428A28102FEC0046D916 /* Protocol */ = {
			isa = PBXGroup;
			children = (
				DEC3428B281030330046D916 /* URLSessionProtocol.swift */,
				DEC3428D281034400046D916 /* BaseURLProtocol.swift */,
				DEC3428F281034440046D916 /* APIProtocol.swift */,
			);
			path = Protocol;
			sourceTree = "<group>";
		};
		DECD164828166F6000F34993 /* Presentation */ = {
			isa = PBXGroup;
			children = (
				DECD164D28166FDA00F34993 /* FlowCoordinator.swift */,
				DECD164928166F7000F34993 /* ProductListView */,
			);
			path = Presentation;
			sourceTree = "<group>";
		};
		DECD164928166F7000F34993 /* ProductListView */ = {
			isa = PBXGroup;
			children = (
				DECD164B28166FB700F34993 /* View */,
				DECD164C28166FBC00F34993 /* ViewModel */,
			);
			path = ProductListView;
			sourceTree = "<group>";
		};
		DECD164B28166FB700F34993 /* View */ = {
			isa = PBXGroup;
			children = (
				DECD16572816885B00F34993 /* ProductListViewController.swift */,
				DECD16592816887F00F34993 /* ProductCollectionView.swift */,
			);
			path = View;
			sourceTree = "<group>";
		};
		DECD164C28166FBC00F34993 /* ViewModel */ = {
			isa = PBXGroup;
			children = (
				DECD164F281672DD00F34993 /* ProductListViewModel.swift */,
			);
			path = ViewModel;
			sourceTree = "<group>";
		};
/* End PBXGroup section */

/* Begin PBXNativeTarget section */
		DE23D43B281149690097A8C3 /* NetworkProviderTests */ = {
			isa = PBXNativeTarget;
			buildConfigurationList = DE23D444281149690097A8C3 /* Build configuration list for PBXNativeTarget "NetworkProviderTests" */;
			buildPhases = (
				DE23D438281149690097A8C3 /* Sources */,
				DE23D439281149690097A8C3 /* Frameworks */,
				DE23D43A281149690097A8C3 /* Resources */,
			);
			buildRules = (
			);
			dependencies = (
				DE23D441281149690097A8C3 /* PBXTargetDependency */,
			);
			name = NetworkProviderTests;
			productName = NetworkProviderTests;
			productReference = DE23D43C281149690097A8C3 /* NetworkProviderTests.xctest */;
			productType = "com.apple.product-type.bundle.unit-test";
		};
		DEC34259280FDC640046D916 /* OpenMarket-MVVM-Rx */ = {
			isa = PBXNativeTarget;
			buildConfigurationList = DEC3426E280FDC650046D916 /* Build configuration list for PBXNativeTarget "OpenMarket-MVVM-Rx" */;
			buildPhases = (
				DEC34256280FDC640046D916 /* Sources */,
				DEC34257280FDC640046D916 /* Frameworks */,
				DEC34258280FDC640046D916 /* Resources */,
				DEC34271280FDD1B0046D916 /* ShellScript */,
			);
			buildRules = (
			);
			dependencies = (
			);
			name = "OpenMarket-MVVM-Rx";
			packageProductDependencies = (
				DEC34275280FDE4A0046D916 /* RxCocoa */,
				DEC34277280FDE4A0046D916 /* RxRelay */,
				DEC34279280FDE4A0046D916 /* RxSwift */,
			);
			productName = "OpenMarket-MVVM-Rx";
			productReference = DEC3425A280FDC640046D916 /* OpenMarket-MVVM-Rx.app */;
			productType = "com.apple.product-type.application";
		};
/* End PBXNativeTarget section */

/* Begin PBXProject section */
		DEC34252280FDC640046D916 /* Project object */ = {
			isa = PBXProject;
			attributes = {
				BuildIndependentTargetsInParallel = 1;
				LastSwiftUpdateCheck = 1330;
				LastUpgradeCheck = 1330;
				TargetAttributes = {
					DE23D43B281149690097A8C3 = {
						CreatedOnToolsVersion = 13.3;
						TestTargetID = DEC34259280FDC640046D916;
					};
					DEC34259280FDC640046D916 = {
						CreatedOnToolsVersion = 13.3;
					};
				};
			};
			buildConfigurationList = DEC34255280FDC640046D916 /* Build configuration list for PBXProject "OpenMarket-MVVM-Rx" */;
			compatibilityVersion = "Xcode 13.0";
			developmentRegion = en;
			hasScannedForEncodings = 0;
			knownRegions = (
				en,
				Base,
			);
			mainGroup = DEC34251280FDC640046D916;
			packageReferences = (
				DEC34274280FDE4A0046D916 /* XCRemoteSwiftPackageReference "RxSwift" */,
			);
			productRefGroup = DEC3425B280FDC640046D916 /* Products */;
			projectDirPath = "";
			projectRoot = "";
			targets = (
				DEC34259280FDC640046D916 /* OpenMarket-MVVM-Rx */,
				DE23D43B281149690097A8C3 /* NetworkProviderTests */,
			);
		};
/* End PBXProject section */

/* Begin PBXResourcesBuildPhase section */
		DE23D43A281149690097A8C3 /* Resources */ = {
			isa = PBXResourcesBuildPhase;
			buildActionMask = 2147483647;
			files = (
				36C0C09328127FE600B57492 /* MockProductPage.json in Resources */,
				36C0C09228127FE600B57492 /* MockProduct.json in Resources */,
			);
			runOnlyForDeploymentPostprocessing = 0;
		};
		DEC34258280FDC640046D916 /* Resources */ = {
			isa = PBXResourcesBuildPhase;
			buildActionMask = 2147483647;
			files = (
				DEC34273280FDD460046D916 /* .swiftlint.yml in Resources */,
				DEC3426A280FDC650046D916 /* LaunchScreen.storyboard in Resources */,
				DEC34267280FDC650046D916 /* Assets.xcassets in Resources */,
			);
			runOnlyForDeploymentPostprocessing = 0;
		};
/* End PBXResourcesBuildPhase section */

/* Begin PBXShellScriptBuildPhase section */
		DEC34271280FDD1B0046D916 /* ShellScript */ = {
			isa = PBXShellScriptBuildPhase;
			buildActionMask = 2147483647;
			files = (
			);
			inputFileListPaths = (
			);
			inputPaths = (
			);
			outputFileListPaths = (
			);
			outputPaths = (
			);
			runOnlyForDeploymentPostprocessing = 0;
			shellPath = /bin/sh;
			shellScript = "if test -d \"/opt/homebrew/bin/\"; then\n  PATH=\"/opt/homebrew/bin/:${PATH}\"\nfi\n\nexport PATH\n\nif which swiftlint >/dev/null; then\n  swiftlint\nelse\n  echo \"warning: SwiftLint not installed, download from https://github.com/realm/SwiftLint\"\nfi\n";
		};
/* End PBXShellScriptBuildPhase section */

/* Begin PBXSourcesBuildPhase section */
		DE23D438281149690097A8C3 /* Sources */ = {
			isa = PBXSourcesBuildPhase;
			buildActionMask = 2147483647;
			files = (
				36C0C0882812783500B57492 /* JSONParserTests.swift in Sources */,
				36C0C095281287EE00B57492 /* NetworkProviderTests.swift in Sources */,
				36C0C00B28125A7D00B57492 /* MockURLSession.swift in Sources */,
				DE23D43F281149690097A8C3 /* MockNetworkProviderTests.swift in Sources */,
			);
			runOnlyForDeploymentPostprocessing = 0;
		};
		DEC34256280FDC640046D916 /* Sources */ = {
			isa = PBXSourcesBuildPhase;
			buildActionMask = 2147483647;
			files = (
				DEC3428C281030330046D916 /* URLSessionProtocol.swift in Sources */,
				DEC3428528100E7F0046D916 /* DetailViewProduct.swift in Sources */,
				DECD16582816885B00F34993 /* ProductListViewController.swift in Sources */,
				DEC34294281036D90046D916 /* URLRequest+Initializer.swift in Sources */,
				DECD165A2816887F00F34993 /* ProductCollectionView.swift in Sources */,
				DEC3428728100E8C0046D916 /* ProductImage.swift in Sources */,
				DEC342922810355F0046D916 /* OpenMarketURL.swift in Sources */,
				36C0BFF02810F6B300B57492 /* MultipartFormData.swift in Sources */,
				DEC3428328100DE70046D916 /* ProductPage.swift in Sources */,
				36C0A07D281000130031C83C /* AppDelegate.swift in Sources */,
				DECD164E28166FDA00F34993 /* FlowCoordinator.swift in Sources */,
				DEC3428128100AEB0046D916 /* Currency.swift in Sources */,
				36C0C08428126B0200B57492 /* NetworkProvider.swift in Sources */,
				DEC3427F28100ADB0046D916 /* Product.swift in Sources */,
				36C0A0862810292B0031C83C /* JSONParser.swift in Sources */,
				DEC34290281034440046D916 /* APIProtocol.swift in Sources */,
				DEC34262280FDC640046D916 /* ViewController.swift in Sources */,
				DEC34260280FDC640046D916 /* SceneDelegate.swift in Sources */,
				36C0A084281028040031C83C /* DateFormatter+DateFormat.swift in Sources */,
				DECD1650281672DD00F34993 /* ProductListViewModel.swift in Sources */,
				DEC3428E281034400046D916 /* BaseURLProtocol.swift in Sources */,
			);
			runOnlyForDeploymentPostprocessing = 0;
		};
/* End PBXSourcesBuildPhase section */

/* Begin PBXTargetDependency section */
		DE23D441281149690097A8C3 /* PBXTargetDependency */ = {
			isa = PBXTargetDependency;
			target = DEC34259280FDC640046D916 /* OpenMarket-MVVM-Rx */;
			targetProxy = DE23D440281149690097A8C3 /* PBXContainerItemProxy */;
		};
/* End PBXTargetDependency section */

/* Begin PBXVariantGroup section */
		DEC34268280FDC650046D916 /* LaunchScreen.storyboard */ = {
			isa = PBXVariantGroup;
			children = (
				DEC34269280FDC650046D916 /* Base */,
			);
			name = LaunchScreen.storyboard;
			sourceTree = "<group>";
		};
/* End PBXVariantGroup section */

/* Begin XCBuildConfiguration section */
		DE23D442281149690097A8C3 /* Debug */ = {
			isa = XCBuildConfiguration;
			buildSettings = {
				BUNDLE_LOADER = "$(TEST_HOST)";
				CODE_SIGN_STYLE = Automatic;
				CURRENT_PROJECT_VERSION = 1;
				DEVELOPMENT_TEAM = FA464JRW3F;
				GENERATE_INFOPLIST_FILE = YES;
				IPHONEOS_DEPLOYMENT_TARGET = 14.0;
				MARKETING_VERSION = 1.0;
				PRODUCT_BUNDLE_IDENTIFIER = net.yagom.NetworkProviderTests;
				PRODUCT_NAME = "$(TARGET_NAME)";
				SWIFT_EMIT_LOC_STRINGS = NO;
				SWIFT_VERSION = 5.0;
				TARGETED_DEVICE_FAMILY = "1,2";
				TEST_HOST = "$(BUILT_PRODUCTS_DIR)/OpenMarket-MVVM-Rx.app/OpenMarket-MVVM-Rx";
			};
			name = Debug;
		};
		DE23D443281149690097A8C3 /* Release */ = {
			isa = XCBuildConfiguration;
			buildSettings = {
				BUNDLE_LOADER = "$(TEST_HOST)";
				CODE_SIGN_STYLE = Automatic;
				CURRENT_PROJECT_VERSION = 1;
				DEVELOPMENT_TEAM = FA464JRW3F;
				GENERATE_INFOPLIST_FILE = YES;
				IPHONEOS_DEPLOYMENT_TARGET = 14.0;
				MARKETING_VERSION = 1.0;
				PRODUCT_BUNDLE_IDENTIFIER = net.yagom.NetworkProviderTests;
				PRODUCT_NAME = "$(TARGET_NAME)";
				SWIFT_EMIT_LOC_STRINGS = NO;
				SWIFT_VERSION = 5.0;
				TARGETED_DEVICE_FAMILY = "1,2";
				TEST_HOST = "$(BUILT_PRODUCTS_DIR)/OpenMarket-MVVM-Rx.app/OpenMarket-MVVM-Rx";
			};
			name = Release;
		};
		DEC3426C280FDC650046D916 /* Debug */ = {
			isa = XCBuildConfiguration;
			buildSettings = {
				ALWAYS_SEARCH_USER_PATHS = NO;
				CLANG_ANALYZER_NONNULL = YES;
				CLANG_ANALYZER_NUMBER_OBJECT_CONVERSION = YES_AGGRESSIVE;
				CLANG_CXX_LANGUAGE_STANDARD = "gnu++17";
				CLANG_ENABLE_MODULES = YES;
				CLANG_ENABLE_OBJC_ARC = YES;
				CLANG_ENABLE_OBJC_WEAK = YES;
				CLANG_WARN_BLOCK_CAPTURE_AUTORELEASING = YES;
				CLANG_WARN_BOOL_CONVERSION = YES;
				CLANG_WARN_COMMA = YES;
				CLANG_WARN_CONSTANT_CONVERSION = YES;
				CLANG_WARN_DEPRECATED_OBJC_IMPLEMENTATIONS = YES;
				CLANG_WARN_DIRECT_OBJC_ISA_USAGE = YES_ERROR;
				CLANG_WARN_DOCUMENTATION_COMMENTS = YES;
				CLANG_WARN_EMPTY_BODY = YES;
				CLANG_WARN_ENUM_CONVERSION = YES;
				CLANG_WARN_INFINITE_RECURSION = YES;
				CLANG_WARN_INT_CONVERSION = YES;
				CLANG_WARN_NON_LITERAL_NULL_CONVERSION = YES;
				CLANG_WARN_OBJC_IMPLICIT_RETAIN_SELF = YES;
				CLANG_WARN_OBJC_LITERAL_CONVERSION = YES;
				CLANG_WARN_OBJC_ROOT_CLASS = YES_ERROR;
				CLANG_WARN_QUOTED_INCLUDE_IN_FRAMEWORK_HEADER = YES;
				CLANG_WARN_RANGE_LOOP_ANALYSIS = YES;
				CLANG_WARN_STRICT_PROTOTYPES = YES;
				CLANG_WARN_SUSPICIOUS_MOVE = YES;
				CLANG_WARN_UNGUARDED_AVAILABILITY = YES_AGGRESSIVE;
				CLANG_WARN_UNREACHABLE_CODE = YES;
				CLANG_WARN__DUPLICATE_METHOD_MATCH = YES;
				COPY_PHASE_STRIP = NO;
				DEBUG_INFORMATION_FORMAT = dwarf;
				ENABLE_STRICT_OBJC_MSGSEND = YES;
				ENABLE_TESTABILITY = YES;
				GCC_C_LANGUAGE_STANDARD = gnu11;
				GCC_DYNAMIC_NO_PIC = NO;
				GCC_NO_COMMON_BLOCKS = YES;
				GCC_OPTIMIZATION_LEVEL = 0;
				GCC_PREPROCESSOR_DEFINITIONS = (
					"DEBUG=1",
					"$(inherited)",
				);
				GCC_WARN_64_TO_32_BIT_CONVERSION = YES;
				GCC_WARN_ABOUT_RETURN_TYPE = YES_ERROR;
				GCC_WARN_UNDECLARED_SELECTOR = YES;
				GCC_WARN_UNINITIALIZED_AUTOS = YES_AGGRESSIVE;
				GCC_WARN_UNUSED_FUNCTION = YES;
				GCC_WARN_UNUSED_VARIABLE = YES;
				IPHONEOS_DEPLOYMENT_TARGET = 14.0;
				MTL_ENABLE_DEBUG_INFO = INCLUDE_SOURCE;
				MTL_FAST_MATH = YES;
				ONLY_ACTIVE_ARCH = YES;
				SDKROOT = iphoneos;
				SWIFT_ACTIVE_COMPILATION_CONDITIONS = DEBUG;
				SWIFT_OPTIMIZATION_LEVEL = "-Onone";
			};
			name = Debug;
		};
		DEC3426D280FDC650046D916 /* Release */ = {
			isa = XCBuildConfiguration;
			buildSettings = {
				ALWAYS_SEARCH_USER_PATHS = NO;
				CLANG_ANALYZER_NONNULL = YES;
				CLANG_ANALYZER_NUMBER_OBJECT_CONVERSION = YES_AGGRESSIVE;
				CLANG_CXX_LANGUAGE_STANDARD = "gnu++17";
				CLANG_ENABLE_MODULES = YES;
				CLANG_ENABLE_OBJC_ARC = YES;
				CLANG_ENABLE_OBJC_WEAK = YES;
				CLANG_WARN_BLOCK_CAPTURE_AUTORELEASING = YES;
				CLANG_WARN_BOOL_CONVERSION = YES;
				CLANG_WARN_COMMA = YES;
				CLANG_WARN_CONSTANT_CONVERSION = YES;
				CLANG_WARN_DEPRECATED_OBJC_IMPLEMENTATIONS = YES;
				CLANG_WARN_DIRECT_OBJC_ISA_USAGE = YES_ERROR;
				CLANG_WARN_DOCUMENTATION_COMMENTS = YES;
				CLANG_WARN_EMPTY_BODY = YES;
				CLANG_WARN_ENUM_CONVERSION = YES;
				CLANG_WARN_INFINITE_RECURSION = YES;
				CLANG_WARN_INT_CONVERSION = YES;
				CLANG_WARN_NON_LITERAL_NULL_CONVERSION = YES;
				CLANG_WARN_OBJC_IMPLICIT_RETAIN_SELF = YES;
				CLANG_WARN_OBJC_LITERAL_CONVERSION = YES;
				CLANG_WARN_OBJC_ROOT_CLASS = YES_ERROR;
				CLANG_WARN_QUOTED_INCLUDE_IN_FRAMEWORK_HEADER = YES;
				CLANG_WARN_RANGE_LOOP_ANALYSIS = YES;
				CLANG_WARN_STRICT_PROTOTYPES = YES;
				CLANG_WARN_SUSPICIOUS_MOVE = YES;
				CLANG_WARN_UNGUARDED_AVAILABILITY = YES_AGGRESSIVE;
				CLANG_WARN_UNREACHABLE_CODE = YES;
				CLANG_WARN__DUPLICATE_METHOD_MATCH = YES;
				COPY_PHASE_STRIP = NO;
				DEBUG_INFORMATION_FORMAT = "dwarf-with-dsym";
				ENABLE_NS_ASSERTIONS = NO;
				ENABLE_STRICT_OBJC_MSGSEND = YES;
				GCC_C_LANGUAGE_STANDARD = gnu11;
				GCC_NO_COMMON_BLOCKS = YES;
				GCC_WARN_64_TO_32_BIT_CONVERSION = YES;
				GCC_WARN_ABOUT_RETURN_TYPE = YES_ERROR;
				GCC_WARN_UNDECLARED_SELECTOR = YES;
				GCC_WARN_UNINITIALIZED_AUTOS = YES_AGGRESSIVE;
				GCC_WARN_UNUSED_FUNCTION = YES;
				GCC_WARN_UNUSED_VARIABLE = YES;
				IPHONEOS_DEPLOYMENT_TARGET = 14.0;
				MTL_ENABLE_DEBUG_INFO = NO;
				MTL_FAST_MATH = YES;
				SDKROOT = iphoneos;
				SWIFT_COMPILATION_MODE = wholemodule;
				SWIFT_OPTIMIZATION_LEVEL = "-O";
				VALIDATE_PRODUCT = YES;
			};
			name = Release;
		};
		DEC3426F280FDC650046D916 /* Debug */ = {
			isa = XCBuildConfiguration;
			buildSettings = {
				ASSETCATALOG_COMPILER_APPICON_NAME = AppIcon;
				ASSETCATALOG_COMPILER_GLOBAL_ACCENT_COLOR_NAME = AccentColor;
				CODE_SIGN_STYLE = Automatic;
				CURRENT_PROJECT_VERSION = 1;
				DEVELOPMENT_TEAM = XD7KFVM4LP;
				GENERATE_INFOPLIST_FILE = YES;
				INFOPLIST_FILE = "OpenMarket-MVVM-Rx/Info.plist";
				INFOPLIST_KEY_UIApplicationSupportsIndirectInputEvents = YES;
				INFOPLIST_KEY_UILaunchStoryboardName = LaunchScreen;
				INFOPLIST_KEY_UISupportedInterfaceOrientations_iPad = "UIInterfaceOrientationPortrait UIInterfaceOrientationPortraitUpsideDown UIInterfaceOrientationLandscapeLeft UIInterfaceOrientationLandscapeRight";
				INFOPLIST_KEY_UISupportedInterfaceOrientations_iPhone = "UIInterfaceOrientationPortrait UIInterfaceOrientationLandscapeLeft UIInterfaceOrientationLandscapeRight";
				LD_RUNPATH_SEARCH_PATHS = (
					"$(inherited)",
					"@executable_path/Frameworks",
				);
				MARKETING_VERSION = 1.0;
				PRODUCT_BUNDLE_IDENTIFIER = "net.OpenMarket-MVVM-Rx";
				PRODUCT_NAME = "$(TARGET_NAME)";
				SWIFT_EMIT_LOC_STRINGS = YES;
				SWIFT_VERSION = 5.0;
				TARGETED_DEVICE_FAMILY = "1,2";
			};
			name = Debug;
		};
		DEC34270280FDC650046D916 /* Release */ = {
			isa = XCBuildConfiguration;
			buildSettings = {
				ASSETCATALOG_COMPILER_APPICON_NAME = AppIcon;
				ASSETCATALOG_COMPILER_GLOBAL_ACCENT_COLOR_NAME = AccentColor;
				CODE_SIGN_STYLE = Automatic;
				CURRENT_PROJECT_VERSION = 1;
				DEVELOPMENT_TEAM = XD7KFVM4LP;
				GENERATE_INFOPLIST_FILE = YES;
				INFOPLIST_FILE = "OpenMarket-MVVM-Rx/Info.plist";
				INFOPLIST_KEY_UIApplicationSupportsIndirectInputEvents = YES;
				INFOPLIST_KEY_UILaunchStoryboardName = LaunchScreen;
				INFOPLIST_KEY_UISupportedInterfaceOrientations_iPad = "UIInterfaceOrientationPortrait UIInterfaceOrientationPortraitUpsideDown UIInterfaceOrientationLandscapeLeft UIInterfaceOrientationLandscapeRight";
				INFOPLIST_KEY_UISupportedInterfaceOrientations_iPhone = "UIInterfaceOrientationPortrait UIInterfaceOrientationLandscapeLeft UIInterfaceOrientationLandscapeRight";
				LD_RUNPATH_SEARCH_PATHS = (
					"$(inherited)",
					"@executable_path/Frameworks",
				);
				MARKETING_VERSION = 1.0;
				PRODUCT_BUNDLE_IDENTIFIER = "net.OpenMarket-MVVM-Rx";
				PRODUCT_NAME = "$(TARGET_NAME)";
				SWIFT_EMIT_LOC_STRINGS = YES;
				SWIFT_VERSION = 5.0;
				TARGETED_DEVICE_FAMILY = "1,2";
			};
			name = Release;
		};
/* End XCBuildConfiguration section */

/* Begin XCConfigurationList section */
		DE23D444281149690097A8C3 /* Build configuration list for PBXNativeTarget "NetworkProviderTests" */ = {
			isa = XCConfigurationList;
			buildConfigurations = (
				DE23D442281149690097A8C3 /* Debug */,
				DE23D443281149690097A8C3 /* Release */,
			);
			defaultConfigurationIsVisible = 0;
			defaultConfigurationName = Release;
		};
		DEC34255280FDC640046D916 /* Build configuration list for PBXProject "OpenMarket-MVVM-Rx" */ = {
			isa = XCConfigurationList;
			buildConfigurations = (
				DEC3426C280FDC650046D916 /* Debug */,
				DEC3426D280FDC650046D916 /* Release */,
			);
			defaultConfigurationIsVisible = 0;
			defaultConfigurationName = Release;
		};
		DEC3426E280FDC650046D916 /* Build configuration list for PBXNativeTarget "OpenMarket-MVVM-Rx" */ = {
			isa = XCConfigurationList;
			buildConfigurations = (
				DEC3426F280FDC650046D916 /* Debug */,
				DEC34270280FDC650046D916 /* Release */,
			);
			defaultConfigurationIsVisible = 0;
			defaultConfigurationName = Release;
		};
/* End XCConfigurationList section */

/* Begin XCRemoteSwiftPackageReference section */
		DEC34274280FDE4A0046D916 /* XCRemoteSwiftPackageReference "RxSwift" */ = {
			isa = XCRemoteSwiftPackageReference;
			repositoryURL = "https://github.com/ReactiveX/RxSwift";
			requirement = {
				kind = upToNextMajorVersion;
				minimumVersion = 6.0.0;
			};
		};
/* End XCRemoteSwiftPackageReference section */

/* Begin XCSwiftPackageProductDependency section */
		DEC34275280FDE4A0046D916 /* RxCocoa */ = {
			isa = XCSwiftPackageProductDependency;
			package = DEC34274280FDE4A0046D916 /* XCRemoteSwiftPackageReference "RxSwift" */;
			productName = RxCocoa;
		};
		DEC34277280FDE4A0046D916 /* RxRelay */ = {
			isa = XCSwiftPackageProductDependency;
			package = DEC34274280FDE4A0046D916 /* XCRemoteSwiftPackageReference "RxSwift" */;
			productName = RxRelay;
		};
		DEC34279280FDE4A0046D916 /* RxSwift */ = {
			isa = XCSwiftPackageProductDependency;
			package = DEC34274280FDE4A0046D916 /* XCRemoteSwiftPackageReference "RxSwift" */;
			productName = RxSwift;
		};
/* End XCSwiftPackageProductDependency section */
	};
	rootObject = DEC34252280FDC640046D916 /* Project object */;
}
